
Microsoft Visual Studio Solution File, Format Version 12.00
# Visual Studio Version 17
VisualStudioVersion = 17.8.34511.84
MinimumVisualStudioVersion = 10.0.40219.1
Project("{FAE04EC0-301F-11D3-BF4B-00C04F79EFBC}") = "TicTacToe", "TicTacToe\TicTacToe.csproj", "{05F12F0E-2CE7-4A2B-8A3B-4C9BD2DDB994}"
EndProject
Project("{FAE04EC0-301F-11D3-BF4B-00C04F79EFBC}") = "Client", "Client\Client.csproj", "{A3D2B767-3564-49F3-A488-6B50A7127506}"
EndProject
Global
	GlobalSection(SolutionConfigurationPlatforms) = preSolution
		Debug|Any CPU = Debug|Any CPU
		Release|Any CPU = Release|Any CPU
	EndGlobalSection
	GlobalSection(ProjectConfigurationPlatforms) = postSolution
		{05F12F0E-2CE7-4A2B-8A3B-4C9BD2DDB994}.Debug|Any CPU.ActiveCfg = Debug|Any CPU
		{05F12F0E-2CE7-4A2B-8A3B-4C9BD2DDB994}.Debug|Any CPU.Build.0 = Debug|Any CPU
		{05F12F0E-2CE7-4A2B-8A3B-4C9BD2DDB994}.Release|Any CPU.ActiveCfg = Release|Any CPU
		{05F12F0E-2CE7-4A2B-8A3B-4C9BD2DDB994}.Release|Any CPU.Build.0 = Release|Any CPU
		{A3D2B767-3564-49F3-A488-6B50A7127506}.Debug|Any CPU.ActiveCfg = Debug|Any CPU
		{A3D2B767-3564-49F3-A488-6B50A7127506}.Debug|Any CPU.Build.0 = Debug|Any CPU
		{A3D2B767-3564-49F3-A488-6B50A7127506}.Release|Any CPU.ActiveCfg = Release|Any CPU
		{A3D2B767-3564-49F3-A488-6B50A7127506}.Release|Any CPU.Build.0 = Release|Any CPU
	EndGlobalSection
	GlobalSection(SolutionProperties) = preSolution
		HideSolutionNode = FALSE
	EndGlobalSection
	GlobalSection(ExtensibilityGlobals) = postSolution
		SolutionGuid = {30F5ED63-A2A5-4CBC-A281-547B79325109}
	EndGlobalSection
EndGlobal
